// !$*UTF8*$!
{
	archiveVersion = 1;
	classes = {
	};
	objectVersion = 50;
	objects = {

/* Begin PBXBuildFile section */
		2702B1D72187615300C95FA5 /* StubDataSource.swift in Sources */ = {isa = PBXBuildFile; fileRef = 2702B1D62187615300C95FA5 /* StubDataSource.swift */; };
		278D302A21872FE50083CE70 /* Directions.swift in Sources */ = {isa = PBXBuildFile; fileRef = 278D302921872FE50083CE70 /* Directions.swift */; };
		2B502E7C21846C79003BB122 /* Hex.swift in Sources */ = {isa = PBXBuildFile; fileRef = 2B502E7B21846C79003BB122 /* Hex.swift */; };
		2B502E7E2184848B003BB122 /* HexArithmeticTests.swift in Sources */ = {isa = PBXBuildFile; fileRef = 2B502E7D2184848B003BB122 /* HexArithmeticTests.swift */; };
		2B502E8021848504003BB122 /* HexRelationalTests.swift in Sources */ = {isa = PBXBuildFile; fileRef = 2B502E7F21848504003BB122 /* HexRelationalTests.swift */; };
		2BA4C3422182766A00947D12 /* Sixsmith.framework in Frameworks */ = {isa = PBXBuildFile; fileRef = 2BA4C3382182766900947D12 /* Sixsmith.framework */; };
		2BA4C3472182766A00947D12 /* HexEqualityTests.swift in Sources */ = {isa = PBXBuildFile; fileRef = 2BA4C3462182766A00947D12 /* HexEqualityTests.swift */; };
		2BA4C3492182766A00947D12 /* Sixsmith.h in Headers */ = {isa = PBXBuildFile; fileRef = 2BA4C33B2182766900947D12 /* Sixsmith.h */; settings = {ATTRIBUTES = (Public, ); }; };
		2BA6BDEA21857B02005368EC /* Vector2.swift in Sources */ = {isa = PBXBuildFile; fileRef = 2BA6BDE921857B02005368EC /* Vector2.swift */; };
		2BA6BDEE2185985A005368EC /* GroupShape.swift in Sources */ = {isa = PBXBuildFile; fileRef = 2BA6BDED2185985A005368EC /* GroupShape.swift */; };
		2BA6BDF021859AF7005368EC /* Generator.swift in Sources */ = {isa = PBXBuildFile; fileRef = 2BA6BDEF21859AF7005368EC /* Generator.swift */; };
		2BA6BDF22185E269005368EC /* CoordinateSystem.swift in Sources */ = {isa = PBXBuildFile; fileRef = 2BA6BDF12185E269005368EC /* CoordinateSystem.swift */; };
		2BFF69792184E52A005DE688 /* Orientation.swift in Sources */ = {isa = PBXBuildFile; fileRef = 2BFF69782184E52A005DE688 /* Orientation.swift */; };
		2BFF697B2184E645005DE688 /* Conversion.swift in Sources */ = {isa = PBXBuildFile; fileRef = 2BFF697A2184E645005DE688 /* Conversion.swift */; };
		2BFF697D2184E727005DE688 /* HexConversionTests.swift in Sources */ = {isa = PBXBuildFile; fileRef = 2BFF697C2184E727005DE688 /* HexConversionTests.swift */; };
		2BFF697F2184E945005DE688 /* HexagonGroupDataSource.swift in Sources */ = {isa = PBXBuildFile; fileRef = 2BFF697E2184E945005DE688 /* HexagonGroupDataSource.swift */; };
		2BFF69812184EAA5005DE688 /* HexagonGroup.swift in Sources */ = {isa = PBXBuildFile; fileRef = 2BFF69802184EAA5005DE688 /* HexagonGroup.swift */; };
		2BFF69852184F448005DE688 /* HexagonGroupDelegate.swift in Sources */ = {isa = PBXBuildFile; fileRef = 2BFF69842184F448005DE688 /* HexagonGroupDelegate.swift */; };
		2BFF69872185011F005DE688 /* PartialHex.swift in Sources */ = {isa = PBXBuildFile; fileRef = 2BFF69862185011F005DE688 /* PartialHex.swift */; };
		2BFF69892185016D005DE688 /* PartialHexTests.swift in Sources */ = {isa = PBXBuildFile; fileRef = 2BFF69882185016D005DE688 /* PartialHexTests.swift */; };
/* End PBXBuildFile section */

/* Begin PBXContainerItemProxy section */
		2BA4C3432182766A00947D12 /* PBXContainerItemProxy */ = {
			isa = PBXContainerItemProxy;
			containerPortal = 2BA4C32F2182766900947D12 /* Project object */;
			proxyType = 1;
			remoteGlobalIDString = 2BA4C3372182766900947D12;
			remoteInfo = Sixsmith;
		};
/* End PBXContainerItemProxy section */

/* Begin PBXFileReference section */
		2702B1D62187615300C95FA5 /* StubDataSource.swift */ = {isa = PBXFileReference; lastKnownFileType = sourcecode.swift; path = StubDataSource.swift; sourceTree = "<group>"; };
		278D302921872FE50083CE70 /* Directions.swift */ = {isa = PBXFileReference; lastKnownFileType = sourcecode.swift; path = Directions.swift; sourceTree = "<group>"; };
		2B502E7B21846C79003BB122 /* Hex.swift */ = {isa = PBXFileReference; lastKnownFileType = sourcecode.swift; path = Hex.swift; sourceTree = "<group>"; };
		2B502E7D2184848B003BB122 /* HexArithmeticTests.swift */ = {isa = PBXFileReference; lastKnownFileType = sourcecode.swift; path = HexArithmeticTests.swift; sourceTree = "<group>"; };
		2B502E7F21848504003BB122 /* HexRelationalTests.swift */ = {isa = PBXFileReference; lastKnownFileType = sourcecode.swift; path = HexRelationalTests.swift; sourceTree = "<group>"; };
		2BA4C3382182766900947D12 /* Sixsmith.framework */ = {isa = PBXFileReference; explicitFileType = wrapper.framework; includeInIndex = 0; path = Sixsmith.framework; sourceTree = BUILT_PRODUCTS_DIR; };
		2BA4C33B2182766900947D12 /* Sixsmith.h */ = {isa = PBXFileReference; lastKnownFileType = sourcecode.c.h; path = Sixsmith.h; sourceTree = "<group>"; };
		2BA4C33C2182766900947D12 /* Info.plist */ = {isa = PBXFileReference; lastKnownFileType = text.plist.xml; path = Info.plist; sourceTree = "<group>"; };
		2BA4C3412182766A00947D12 /* SixsmithTests.xctest */ = {isa = PBXFileReference; explicitFileType = wrapper.cfbundle; includeInIndex = 0; path = SixsmithTests.xctest; sourceTree = BUILT_PRODUCTS_DIR; };
		2BA4C3462182766A00947D12 /* HexEqualityTests.swift */ = {isa = PBXFileReference; lastKnownFileType = sourcecode.swift; path = HexEqualityTests.swift; sourceTree = "<group>"; };
		2BA4C3482182766A00947D12 /* Info.plist */ = {isa = PBXFileReference; lastKnownFileType = text.plist.xml; path = Info.plist; sourceTree = "<group>"; };
		2BA6BDE921857B02005368EC /* Vector2.swift */ = {isa = PBXFileReference; lastKnownFileType = sourcecode.swift; path = Vector2.swift; sourceTree = "<group>"; };
		2BA6BDED2185985A005368EC /* GroupShape.swift */ = {isa = PBXFileReference; lastKnownFileType = sourcecode.swift; path = GroupShape.swift; sourceTree = "<group>"; };
		2BA6BDEF21859AF7005368EC /* Generator.swift */ = {isa = PBXFileReference; lastKnownFileType = sourcecode.swift; path = Generator.swift; sourceTree = "<group>"; };
		2BA6BDF12185E269005368EC /* CoordinateSystem.swift */ = {isa = PBXFileReference; lastKnownFileType = sourcecode.swift; path = CoordinateSystem.swift; sourceTree = "<group>"; };
		2BFF69782184E52A005DE688 /* Orientation.swift */ = {isa = PBXFileReference; fileEncoding = 4; lastKnownFileType = sourcecode.swift; path = Orientation.swift; sourceTree = "<group>"; };
		2BFF697A2184E645005DE688 /* Conversion.swift */ = {isa = PBXFileReference; lastKnownFileType = sourcecode.swift; path = Conversion.swift; sourceTree = "<group>"; };
		2BFF697C2184E727005DE688 /* HexConversionTests.swift */ = {isa = PBXFileReference; lastKnownFileType = sourcecode.swift; path = HexConversionTests.swift; sourceTree = "<group>"; };
		2BFF697E2184E945005DE688 /* HexagonGroupDataSource.swift */ = {isa = PBXFileReference; lastKnownFileType = sourcecode.swift; path = HexagonGroupDataSource.swift; sourceTree = "<group>"; };
		2BFF69802184EAA5005DE688 /* HexagonGroup.swift */ = {isa = PBXFileReference; lastKnownFileType = sourcecode.swift; path = HexagonGroup.swift; sourceTree = "<group>"; };
		2BFF69842184F448005DE688 /* HexagonGroupDelegate.swift */ = {isa = PBXFileReference; lastKnownFileType = sourcecode.swift; path = HexagonGroupDelegate.swift; sourceTree = "<group>"; };
		2BFF69862185011F005DE688 /* PartialHex.swift */ = {isa = PBXFileReference; lastKnownFileType = sourcecode.swift; path = PartialHex.swift; sourceTree = "<group>"; };
		2BFF69882185016D005DE688 /* PartialHexTests.swift */ = {isa = PBXFileReference; lastKnownFileType = sourcecode.swift; path = PartialHexTests.swift; sourceTree = "<group>"; };
/* End PBXFileReference section */

/* Begin PBXFrameworksBuildPhase section */
		2BA4C3352182766900947D12 /* Frameworks */ = {
			isa = PBXFrameworksBuildPhase;
			buildActionMask = 2147483647;
			files = (
			);
			runOnlyForDeploymentPostprocessing = 0;
		};
		2BA4C33E2182766A00947D12 /* Frameworks */ = {
			isa = PBXFrameworksBuildPhase;
			buildActionMask = 2147483647;
			files = (
				2BA4C3422182766A00947D12 /* Sixsmith.framework in Frameworks */,
			);
			runOnlyForDeploymentPostprocessing = 0;
		};
/* End PBXFrameworksBuildPhase section */

/* Begin PBXGroup section */
		2BA4C32E2182766900947D12 = {
			isa = PBXGroup;
			children = (
				2BA4C33A2182766900947D12 /* Sixsmith */,
				2BA4C3452182766A00947D12 /* SixsmithTests */,
				2BA4C3392182766900947D12 /* Products */,
			);
			sourceTree = "<group>";
		};
		2BA4C3392182766900947D12 /* Products */ = {
			isa = PBXGroup;
			children = (
				2BA4C3382182766900947D12 /* Sixsmith.framework */,
				2BA4C3412182766A00947D12 /* SixsmithTests.xctest */,
			);
			name = Products;
			sourceTree = "<group>";
		};
		2BA4C33A2182766900947D12 /* Sixsmith */ = {
			isa = PBXGroup;
			children = (
				2BA4C33B2182766900947D12 /* Sixsmith.h */,
				2BA4C33C2182766900947D12 /* Info.plist */,
				2B502E7B21846C79003BB122 /* Hex.swift */,
				2BFF69862185011F005DE688 /* PartialHex.swift */,
				2BA6BDE921857B02005368EC /* Vector2.swift */,
				2BFF69782184E52A005DE688 /* Orientation.swift */,
				2BFF697A2184E645005DE688 /* Conversion.swift */,
				2BA6BDEF21859AF7005368EC /* Generator.swift */,
				2BA6BDED2185985A005368EC /* GroupShape.swift */,
				2BA6BDF12185E269005368EC /* CoordinateSystem.swift */,
				2BFF69802184EAA5005DE688 /* HexagonGroup.swift */,
				2BFF69842184F448005DE688 /* HexagonGroupDelegate.swift */,
				2BFF697E2184E945005DE688 /* HexagonGroupDataSource.swift */,
				278D302921872FE50083CE70 /* Directions.swift */,
			);
			path = Sixsmith;
			sourceTree = "<group>";
		};
		2BA4C3452182766A00947D12 /* SixsmithTests */ = {
			isa = PBXGroup;
			children = (
				2702B1D62187615300C95FA5 /* StubDataSource.swift */,
				2BA4C3462182766A00947D12 /* HexEqualityTests.swift */,
				2B502E7D2184848B003BB122 /* HexArithmeticTests.swift */,
				2B502E7F21848504003BB122 /* HexRelationalTests.swift */,
				2BFF697C2184E727005DE688 /* HexConversionTests.swift */,
				2BFF69882185016D005DE688 /* PartialHexTests.swift */,
				2BA4C3482182766A00947D12 /* Info.plist */,
			);
			path = SixsmithTests;
			sourceTree = "<group>";
		};
/* End PBXGroup section */

/* Begin PBXHeadersBuildPhase section */
		2BA4C3332182766900947D12 /* Headers */ = {
			isa = PBXHeadersBuildPhase;
			buildActionMask = 2147483647;
			files = (
				2BA4C3492182766A00947D12 /* Sixsmith.h in Headers */,
			);
			runOnlyForDeploymentPostprocessing = 0;
		};
/* End PBXHeadersBuildPhase section */

/* Begin PBXNativeTarget section */
		2BA4C3372182766900947D12 /* Sixsmith */ = {
			isa = PBXNativeTarget;
			buildConfigurationList = 2BA4C34C2182766A00947D12 /* Build configuration list for PBXNativeTarget "Sixsmith" */;
			buildPhases = (
				2BA4C3332182766900947D12 /* Headers */,
				2BA4C3342182766900947D12 /* Sources */,
				2BA4C3352182766900947D12 /* Frameworks */,
				2BA4C3362182766900947D12 /* Resources */,
			);
			buildRules = (
			);
			dependencies = (
			);
			name = Sixsmith;
			productName = Sixsmith;
			productReference = 2BA4C3382182766900947D12 /* Sixsmith.framework */;
			productType = "com.apple.product-type.framework";
		};
		2BA4C3402182766A00947D12 /* SixsmithTests */ = {
			isa = PBXNativeTarget;
			buildConfigurationList = 2BA4C34F2182766A00947D12 /* Build configuration list for PBXNativeTarget "SixsmithTests" */;
			buildPhases = (
				2BA4C33D2182766A00947D12 /* Sources */,
				2BA4C33E2182766A00947D12 /* Frameworks */,
				2BA4C33F2182766A00947D12 /* Resources */,
			);
			buildRules = (
			);
			dependencies = (
				2BA4C3442182766A00947D12 /* PBXTargetDependency */,
			);
			name = SixsmithTests;
			productName = SixsmithTests;
			productReference = 2BA4C3412182766A00947D12 /* SixsmithTests.xctest */;
			productType = "com.apple.product-type.bundle.unit-test";
		};
/* End PBXNativeTarget section */

/* Begin PBXProject section */
		2BA4C32F2182766900947D12 /* Project object */ = {
			isa = PBXProject;
			attributes = {
				LastSwiftUpdateCheck = 1000;
				LastUpgradeCheck = 1000;
				ORGANIZATIONNAME = LazyAugust;
				TargetAttributes = {
					2BA4C3372182766900947D12 = {
						CreatedOnToolsVersion = 10.0;
						LastSwiftMigration = 1000;
					};
					2BA4C3402182766A00947D12 = {
						CreatedOnToolsVersion = 10.0;
					};
				};
			};
			buildConfigurationList = 2BA4C3322182766900947D12 /* Build configuration list for PBXProject "Sixsmith" */;
			compatibilityVersion = "Xcode 9.3";
			developmentRegion = en;
			hasScannedForEncodings = 0;
			knownRegions = (
				en,
			);
			mainGroup = 2BA4C32E2182766900947D12;
			productRefGroup = 2BA4C3392182766900947D12 /* Products */;
			projectDirPath = "";
			projectRoot = "";
			targets = (
				2BA4C3372182766900947D12 /* Sixsmith */,
				2BA4C3402182766A00947D12 /* SixsmithTests */,
			);
		};
/* End PBXProject section */

/* Begin PBXResourcesBuildPhase section */
		2BA4C3362182766900947D12 /* Resources */ = {
			isa = PBXResourcesBuildPhase;
			buildActionMask = 2147483647;
			files = (
			);
			runOnlyForDeploymentPostprocessing = 0;
		};
		2BA4C33F2182766A00947D12 /* Resources */ = {
			isa = PBXResourcesBuildPhase;
			buildActionMask = 2147483647;
			files = (
			);
			runOnlyForDeploymentPostprocessing = 0;
		};
/* End PBXResourcesBuildPhase section */

/* Begin PBXSourcesBuildPhase section */
		2BA4C3342182766900947D12 /* Sources */ = {
			isa = PBXSourcesBuildPhase;
			buildActionMask = 2147483647;
			files = (
				2BFF697B2184E645005DE688 /* Conversion.swift in Sources */,
				2BFF69872185011F005DE688 /* PartialHex.swift in Sources */,
				2BFF69852184F448005DE688 /* HexagonGroupDelegate.swift in Sources */,
				2BFF697F2184E945005DE688 /* HexagonGroupDataSource.swift in Sources */,
				2BA6BDEE2185985A005368EC /* GroupShape.swift in Sources */,
				2BFF69792184E52A005DE688 /* Orientation.swift in Sources */,
				2BA6BDEA21857B02005368EC /* Vector2.swift in Sources */,
				278D302A21872FE50083CE70 /* Directions.swift in Sources */,
				2BA6BDF22185E269005368EC /* CoordinateSystem.swift in Sources */,
				2BFF69812184EAA5005DE688 /* HexagonGroup.swift in Sources */,
				2B502E7C21846C79003BB122 /* Hex.swift in Sources */,
				2BA6BDF021859AF7005368EC /* Generator.swift in Sources */,
			);
			runOnlyForDeploymentPostprocessing = 0;
		};
		2BA4C33D2182766A00947D12 /* Sources */ = {
			isa = PBXSourcesBuildPhase;
			buildActionMask = 2147483647;
			files = (
				2B502E8021848504003BB122 /* HexRelationalTests.swift in Sources */,
				2BFF697D2184E727005DE688 /* HexConversionTests.swift in Sources */,
				2702B1D72187615300C95FA5 /* StubDataSource.swift in Sources */,
				2BFF69892185016D005DE688 /* PartialHexTests.swift in Sources */,
				2BA4C3472182766A00947D12 /* HexEqualityTests.swift in Sources */,
				2B502E7E2184848B003BB122 /* HexArithmeticTests.swift in Sources */,
			);
			runOnlyForDeploymentPostprocessing = 0;
		};
/* End PBXSourcesBuildPhase section */

/* Begin PBXTargetDependency section */
		2BA4C3442182766A00947D12 /* PBXTargetDependency */ = {
			isa = PBXTargetDependency;
			target = 2BA4C3372182766900947D12 /* Sixsmith */;
			targetProxy = 2BA4C3432182766A00947D12 /* PBXContainerItemProxy */;
		};
/* End PBXTargetDependency section */

/* Begin XCBuildConfiguration section */
		2BA4C34A2182766A00947D12 /* Debug */ = {
			isa = XCBuildConfiguration;
			buildSettings = {
				ALWAYS_SEARCH_USER_PATHS = NO;
				CLANG_ANALYZER_NONNULL = YES;
				CLANG_ANALYZER_NUMBER_OBJECT_CONVERSION = YES_AGGRESSIVE;
				CLANG_CXX_LANGUAGE_STANDARD = "gnu++14";
				CLANG_CXX_LIBRARY = "libc++";
				CLANG_ENABLE_MODULES = YES;
				CLANG_ENABLE_OBJC_ARC = YES;
				CLANG_ENABLE_OBJC_WEAK = YES;
				CLANG_WARN_BLOCK_CAPTURE_AUTORELEASING = YES;
				CLANG_WARN_BOOL_CONVERSION = YES;
				CLANG_WARN_COMMA = YES;
				CLANG_WARN_CONSTANT_CONVERSION = YES;
				CLANG_WARN_DEPRECATED_OBJC_IMPLEMENTATIONS = YES;
				CLANG_WARN_DIRECT_OBJC_ISA_USAGE = YES_ERROR;
				CLANG_WARN_DOCUMENTATION_COMMENTS = YES;
				CLANG_WARN_EMPTY_BODY = YES;
				CLANG_WARN_ENUM_CONVERSION = YES;
				CLANG_WARN_INFINITE_RECURSION = YES;
				CLANG_WARN_INT_CONVERSION = YES;
				CLANG_WARN_NON_LITERAL_NULL_CONVERSION = YES;
				CLANG_WARN_OBJC_IMPLICIT_RETAIN_SELF = YES;
				CLANG_WARN_OBJC_LITERAL_CONVERSION = YES;
				CLANG_WARN_OBJC_ROOT_CLASS = YES_ERROR;
				CLANG_WARN_RANGE_LOOP_ANALYSIS = YES;
				CLANG_WARN_STRICT_PROTOTYPES = YES;
				CLANG_WARN_SUSPICIOUS_MOVE = YES;
				CLANG_WARN_UNGUARDED_AVAILABILITY = YES_AGGRESSIVE;
				CLANG_WARN_UNREACHABLE_CODE = YES;
				CLANG_WARN__DUPLICATE_METHOD_MATCH = YES;
				CODE_SIGN_IDENTITY = "iPhone Developer";
				COPY_PHASE_STRIP = NO;
				CURRENT_PROJECT_VERSION = 1;
				DEBUG_INFORMATION_FORMAT = dwarf;
				ENABLE_STRICT_OBJC_MSGSEND = YES;
				ENABLE_TESTABILITY = YES;
				GCC_C_LANGUAGE_STANDARD = gnu11;
				GCC_DYNAMIC_NO_PIC = NO;
				GCC_NO_COMMON_BLOCKS = YES;
				GCC_OPTIMIZATION_LEVEL = 0;
				GCC_PREPROCESSOR_DEFINITIONS = (
					"DEBUG=1",
					"$(inherited)",
				);
				GCC_WARN_64_TO_32_BIT_CONVERSION = YES;
				GCC_WARN_ABOUT_RETURN_TYPE = YES_ERROR;
				GCC_WARN_UNDECLARED_SELECTOR = YES;
				GCC_WARN_UNINITIALIZED_AUTOS = YES_AGGRESSIVE;
				GCC_WARN_UNUSED_FUNCTION = YES;
				GCC_WARN_UNUSED_VARIABLE = YES;
				IPHONEOS_DEPLOYMENT_TARGET = 12.0;
				MTL_ENABLE_DEBUG_INFO = INCLUDE_SOURCE;
				MTL_FAST_MATH = YES;
				ONLY_ACTIVE_ARCH = YES;
				SDKROOT = iphoneos;
				SWIFT_ACTIVE_COMPILATION_CONDITIONS = DEBUG;
				SWIFT_OPTIMIZATION_LEVEL = "-Onone";
				VERSIONING_SYSTEM = "apple-generic";
				VERSION_INFO_PREFIX = "";
			};
			name = Debug;
		};
		2BA4C34B2182766A00947D12 /* Release */ = {
			isa = XCBuildConfiguration;
			buildSettings = {
				ALWAYS_SEARCH_USER_PATHS = NO;
				CLANG_ANALYZER_NONNULL = YES;
				CLANG_ANALYZER_NUMBER_OBJECT_CONVERSION = YES_AGGRESSIVE;
				CLANG_CXX_LANGUAGE_STANDARD = "gnu++14";
				CLANG_CXX_LIBRARY = "libc++";
				CLANG_ENABLE_MODULES = YES;
				CLANG_ENABLE_OBJC_ARC = YES;
				CLANG_ENABLE_OBJC_WEAK = YES;
				CLANG_WARN_BLOCK_CAPTURE_AUTORELEASING = YES;
				CLANG_WARN_BOOL_CONVERSION = YES;
				CLANG_WARN_COMMA = YES;
				CLANG_WARN_CONSTANT_CONVERSION = YES;
				CLANG_WARN_DEPRECATED_OBJC_IMPLEMENTATIONS = YES;
				CLANG_WARN_DIRECT_OBJC_ISA_USAGE = YES_ERROR;
				CLANG_WARN_DOCUMENTATION_COMMENTS = YES;
				CLANG_WARN_EMPTY_BODY = YES;
				CLANG_WARN_ENUM_CONVERSION = YES;
				CLANG_WARN_INFINITE_RECURSION = YES;
				CLANG_WARN_INT_CONVERSION = YES;
				CLANG_WARN_NON_LITERAL_NULL_CONVERSION = YES;
				CLANG_WARN_OBJC_IMPLICIT_RETAIN_SELF = YES;
				CLANG_WARN_OBJC_LITERAL_CONVERSION = YES;
				CLANG_WARN_OBJC_ROOT_CLASS = YES_ERROR;
				CLANG_WARN_RANGE_LOOP_ANALYSIS = YES;
				CLANG_WARN_STRICT_PROTOTYPES = YES;
				CLANG_WARN_SUSPICIOUS_MOVE = YES;
				CLANG_WARN_UNGUARDED_AVAILABILITY = YES_AGGRESSIVE;
				CLANG_WARN_UNREACHABLE_CODE = YES;
				CLANG_WARN__DUPLICATE_METHOD_MATCH = YES;
				CODE_SIGN_IDENTITY = "iPhone Developer";
				COPY_PHASE_STRIP = NO;
				CURRENT_PROJECT_VERSION = 1;
				DEBUG_INFORMATION_FORMAT = "dwarf-with-dsym";
				ENABLE_NS_ASSERTIONS = NO;
				ENABLE_STRICT_OBJC_MSGSEND = YES;
				GCC_C_LANGUAGE_STANDARD = gnu11;
				GCC_NO_COMMON_BLOCKS = YES;
				GCC_WARN_64_TO_32_BIT_CONVERSION = YES;
				GCC_WARN_ABOUT_RETURN_TYPE = YES_ERROR;
				GCC_WARN_UNDECLARED_SELECTOR = YES;
				GCC_WARN_UNINITIALIZED_AUTOS = YES_AGGRESSIVE;
				GCC_WARN_UNUSED_FUNCTION = YES;
				GCC_WARN_UNUSED_VARIABLE = YES;
				IPHONEOS_DEPLOYMENT_TARGET = 12.0;
				MTL_ENABLE_DEBUG_INFO = NO;
				MTL_FAST_MATH = YES;
				SDKROOT = iphoneos;
				SWIFT_COMPILATION_MODE = wholemodule;
				SWIFT_OPTIMIZATION_LEVEL = "-O";
				VALIDATE_PRODUCT = YES;
				VERSIONING_SYSTEM = "apple-generic";
				VERSION_INFO_PREFIX = "";
			};
			name = Release;
		};
		2BA4C34D2182766A00947D12 /* Debug */ = {
			isa = XCBuildConfiguration;
			buildSettings = {
				CLANG_ENABLE_MODULES = YES;
				CODE_SIGN_IDENTITY = "";
				CODE_SIGN_STYLE = Automatic;
				DEFINES_MODULE = YES;
				DEVELOPMENT_TEAM = WXTE2T7ZL9;
				DYLIB_COMPATIBILITY_VERSION = 1;
				DYLIB_CURRENT_VERSION = 1;
				DYLIB_INSTALL_NAME_BASE = "@rpath";
				INFOPLIST_FILE = Sixsmith/Info.plist;
				INSTALL_PATH = "$(LOCAL_LIBRARY_DIR)/Frameworks";
				LD_RUNPATH_SEARCH_PATHS = (
					"$(inherited)",
					"@executable_path/Frameworks",
					"@loader_path/Frameworks",
				);
				PRODUCT_BUNDLE_IDENTIFIER = net.lazyaugust.Sixsmith;
				PRODUCT_NAME = "$(TARGET_NAME:c99extidentifier)";
				SKIP_INSTALL = YES;
				SWIFT_OPTIMIZATION_LEVEL = "-Onone";
				SWIFT_VERSION = 4.2;
				TARGETED_DEVICE_FAMILY = "1,2";
			};
			name = Debug;
		};
		2BA4C34E2182766A00947D12 /* Release */ = {
			isa = XCBuildConfiguration;
			buildSettings = {
				CLANG_ENABLE_MODULES = YES;
				CODE_SIGN_IDENTITY = "";
				CODE_SIGN_STYLE = Automatic;
				DEFINES_MODULE = YES;
				DEVELOPMENT_TEAM = WXTE2T7ZL9;
				DYLIB_COMPATIBILITY_VERSION = 1;
				DYLIB_CURRENT_VERSION = 1;
				DYLIB_INSTALL_NAME_BASE = "@rpath";
				INFOPLIST_FILE = Sixsmith/Info.plist;
				INSTALL_PATH = "$(LOCAL_LIBRARY_DIR)/Frameworks";
				LD_RUNPATH_SEARCH_PATHS = (
					"$(inherited)",
					"@executable_path/Frameworks",
					"@loader_path/Frameworks",
				);
				PRODUCT_BUNDLE_IDENTIFIER = net.lazyaugust.Sixsmith;
				PRODUCT_NAME = "$(TARGET_NAME:c99extidentifier)";
				SKIP_INSTALL = YES;
				SWIFT_VERSION = 4.2;
				TARGETED_DEVICE_FAMILY = "1,2";
			};
			name = Release;
		};
		2BA4C3502182766A00947D12 /* Debug */ = {
			isa = XCBuildConfiguration;
			buildSettings = {
				ALWAYS_EMBED_SWIFT_STANDARD_LIBRARIES = YES;
				CODE_SIGN_STYLE = Automatic;
				DEVELOPMENT_TEAM = WXTE2T7ZL9;
				INFOPLIST_FILE = SixsmithTests/Info.plist;
				LD_RUNPATH_SEARCH_PATHS = (
					"$(inherited)",
					"@executable_path/Frameworks",
					"@loader_path/Frameworks",
				);
				PRODUCT_BUNDLE_IDENTIFIER = net.lazyaugust.SixsmithTests;
				PRODUCT_NAME = "$(TARGET_NAME)";
				SWIFT_VERSION = 4.2;
				TARGETED_DEVICE_FAMILY = "1,2";
			};
			name = Debug;
		};
		2BA4C3512182766A00947D12 /* Release */ = {
			isa = XCBuildConfiguration;
			buildSettings = {
				ALWAYS_EMBED_SWIFT_STANDARD_LIBRARIES = YES;
				CODE_SIGN_STYLE = Automatic;
				DEVELOPMENT_TEAM = WXTE2T7ZL9;
				INFOPLIST_FILE = SixsmithTests/Info.plist;
				LD_RUNPATH_SEARCH_PATHS = (
					"$(inherited)",
					"@executable_path/Frameworks",
					"@loader_path/Frameworks",
				);
				PRODUCT_BUNDLE_IDENTIFIER = net.lazyaugust.SixsmithTests;
				PRODUCT_NAME = "$(TARGET_NAME)";
				SWIFT_VERSION = 4.2;
				TARGETED_DEVICE_FAMILY = "1,2";
			};
			name = Release;
		};
/* End XCBuildConfiguration section */

/* Begin XCConfigurationList section */
		2BA4C3322182766900947D12 /* Build configuration list for PBXProject "Sixsmith" */ = {
			isa = XCConfigurationList;
			buildConfigurations = (
				2BA4C34A2182766A00947D12 /* Debug */,
				2BA4C34B2182766A00947D12 /* Release */,
			);
			defaultConfigurationIsVisible = 0;
			defaultConfigurationName = Release;
		};
		2BA4C34C2182766A00947D12 /* Build configuration list for PBXNativeTarget "Sixsmith" */ = {
			isa = XCConfigurationList;
			buildConfigurations = (
				2BA4C34D2182766A00947D12 /* Debug */,
				2BA4C34E2182766A00947D12 /* Release */,
			);
			defaultConfigurationIsVisible = 0;
			defaultConfigurationName = Release;
		};
		2BA4C34F2182766A00947D12 /* Build configuration list for PBXNativeTarget "SixsmithTests" */ = {
			isa = XCConfigurationList;
			buildConfigurations = (
				2BA4C3502182766A00947D12 /* Debug */,
				2BA4C3512182766A00947D12 /* Release */,
			);
			defaultConfigurationIsVisible = 0;
			defaultConfigurationName = Release;
		};
/* End XCConfigurationList section */
	};
	rootObject = 2BA4C32F2182766900947D12 /* Project object */;
}
